{
  "name": "coin-market",
  "version": "1.0.0",
  "lockfileVersion": 1,
  "requires": true,
  "dependencies": {
    "@onsenui/custom-elements": {
      "version": "1.0.0",
      "resolved": "https://registry.npmjs.org/@onsenui/custom-elements/-/custom-elements-1.0.0.tgz",
      "integrity": "sha512-KhYeDFhQyE6j3xxWqyu3q8KgeuaRGUwDjuHnmS1gRri+OZ6w6CUqYPn6kidZjXz+LkU2dEp/D+BWo+9Qi6nSSQ==",
      "dev": true
    },
    "@onsenui/fastclick": {
      "version": "1.1.1",
      "resolved": "https://registry.npmjs.org/@onsenui/fastclick/-/fastclick-1.1.1.tgz",
      "integrity": "sha512-S36XgqK9GlW5yrFgNCQhWvb/QM23QmB6eeWcLXv9duHuuNLsqTHBBNSPKJJ2BU66fs2BHgwzBLTRUe29LTJ0kg==",
      "dev": true
    },
    "babel-runtime": {
      "version": "6.26.0",
      "resolved": "https://registry.npmjs.org/babel-runtime/-/babel-runtime-6.26.0.tgz",
      "integrity": "sha1-llxwWGaOgrVde/4E/yM3vItWR/4=",
      "dev": true,
      "requires": {
        "core-js": "2.5.7",
        "regenerator-runtime": "0.11.1"
      }
    },
    "core-js": {
      "version": "2.5.7",
      "resolved": "https://registry.npmjs.org/core-js/-/core-js-2.5.7.tgz",
      "integrity": "sha512-RszJCAxg/PP6uzXVXL6BsxSXx/B05oJAQ2vkJRjyjrEcNVycaqOmNb5OTxZPE3xa5gwZduqza6L9JOCenh/Ecw==",
      "dev": true
    },
    "onsenui": {
      "version": "2.10.2",
      "resolved": "https://registry.npmjs.org/onsenui/-/onsenui-2.10.2.tgz",
      "integrity": "sha512-dWeGVRElGR/90H5O2sn9c47jOuiNQSeuASKwOww4oqdArfRAxABklhgsojoCYuBy6QXmO9GXaOZA+Heqipg6tw==",
      "dev": true,
      "requires": {
        "@onsenui/custom-elements": "1.0.0",
        "@onsenui/fastclick": "1.1.1",
        "core-js": "2.5.7"
      }
    },
    "regenerator-runtime": {
      "version": "0.11.1",
      "resolved": "https://registry.npmjs.org/regenerator-runtime/-/regenerator-runtime-0.11.1.tgz",
      "integrity": "sha512-MguG95oij0fC3QV3URf4V2SDYGJhJnJGqvIIgdECeODCT98wSWDAJ94SSuVpYQUoTcGUIL6L4yNB7j1DFFHSBg==",
      "dev": true
    },
    "vue-onsenui": {
      "version": "2.6.1",
      "resolved": "https://registry.npmjs.org/vue-onsenui/-/vue-onsenui-2.6.1.tgz",
      "integrity": "sha512-baa3e15dQNoBR/jrtXuznf61k8xtHCImvq1zQfQ0sK9EO/qQHHHR7R5j6aoVufuLVV8RWNpROaxN2pxvZb4PbQ==",
      "dev": true,
      "requires": {
        "babel-runtime": "6.26.0"
      }
    }
  }
}
